
Microsoft Visual Studio Solution File, Format Version 12.00
# Visual Studio Version 17
VisualStudioVersion = 17.1.32319.34
MinimumVisualStudioVersion = 10.0.40219.1
Project("{FAE04EC0-301F-11D3-BF4B-00C04F79EFBC}") = "p2pdemo-server", "p2pdemo\p2pdemo-server.csproj", "{565D21E9-D23C-484D-8F82-FB1218C8A9BF}"
EndProject
Project("{FAE04EC0-301F-11D3-BF4B-00C04F79EFBC}") = "p2pdemo-client", "p2pdemo-client\p2pdemo-client.csproj", "{467E9746-B5BB-4DF6-B2EE-58CABC519A2B}"
EndProject
Global
	GlobalSection(SolutionConfigurationPlatforms) = preSolution
		Debug|Any CPU = Debug|Any CPU
		Release|Any CPU = Release|Any CPU
	EndGlobalSection
	GlobalSection(ProjectConfigurationPlatforms) = postSolution
		{565D21E9-D23C-484D-8F82-FB1218C8A9BF}.Debug|Any CPU.ActiveCfg = Debug|Any CPU
		{565D21E9-D23C-484D-8F82-FB1218C8A9BF}.Debug|Any CPU.Build.0 = Debug|Any CPU
		{565D21E9-D23C-484D-8F82-FB1218C8A9BF}.Release|Any CPU.ActiveCfg = Release|Any CPU
		{565D21E9-D23C-484D-8F82-FB1218C8A9BF}.Release|Any CPU.Build.0 = Release|Any CPU
		{467E9746-B5BB-4DF6-B2EE-58CABC519A2B}.Debug|Any CPU.ActiveCfg = Debug|Any CPU
		{467E9746-B5BB-4DF6-B2EE-58CABC519A2B}.Debug|Any CPU.Build.0 = Debug|Any CPU
		{467E9746-B5BB-4DF6-B2EE-58CABC519A2B}.Release|Any CPU.ActiveCfg = Release|Any CPU
		{467E9746-B5BB-4DF6-B2EE-58CABC519A2B}.Release|Any CPU.Build.0 = Release|Any CPU
	EndGlobalSection
	GlobalSection(SolutionProperties) = preSolution
		HideSolutionNode = FALSE
	EndGlobalSection
	GlobalSection(ExtensibilityGlobals) = postSolution
		SolutionGuid = {C860462B-4F3E-4708-A00D-86B941DAD63D}
	EndGlobalSection
EndGlobal
